
Microsoft Visual Studio Solution File, Format Version 12.00
# Visual Studio Version 17
VisualStudioVersion = 17.14.36212.18
MinimumVisualStudioVersion = 10.0.40219.1
Project("{FAE04EC0-301F-11D3-BF4B-00C04F79EFBC}") = "QuanLyChoThuePhongTroWeb.Web", "src\QuanLyChoThuePhongTroWeb.Web\QuanLyChoThuePhongTroWeb.Web.csproj", "{C6AB661F-1E6C-4FB9-A641-EA3B2DDEC2BF}"
EndProject
Project("{2150E333-8FDC-42A3-9474-1A3956D46DE8}") = "src", "src", "{827E0CD3-B72D-47B6-A68D-7590B98EB39B}"
EndProject
Project("{FAE04EC0-301F-11D3-BF4B-00C04F79EFBC}") = "QuanLyChoThuePhongTroWeb.Domain", "src\QuanLyChoThuePhongTroWeb.Domain\QuanLyChoThuePhongTroWeb.Domain.csproj", "{3E871070-726B-4780-BDAD-27330B75CD2B}"
EndProject
Project("{FAE04EC0-301F-11D3-BF4B-00C04F79EFBC}") = "QuanLyChoThuePhongTroWeb.Application", "src\QuanLyChoThuePhongTroWeb.Application\QuanLyChoThuePhongTroWeb.Application.csproj", "{46EB67EE-9C5F-43FB-906D-1C5427E45E1A}"
EndProject
Project("{FAE04EC0-301F-11D3-BF4B-00C04F79EFBC}") = "QuanLyChoThuePhongTroWeb.Infrastructure", "src\QuanLyChoThuePhongTroWeb.Infrastructure\QuanLyChoThuePhongTroWeb.Infrastructure.csproj", "{BF05468D-CBCE-4AD6-8EC8-93294E7C7124}"
EndProject
Project("{2150E333-8FDC-42A3-9474-1A3956D46DE8}") = "tests", "tests", "{0AB3BF05-4346-4AA6-1389-037BE0695223}"
EndProject
Project("{FAE04EC0-301F-11D3-BF4B-00C04F79EFBC}") = "QuanLyChoThuePhongTroWeb.Domain.UnitTests", "tests\QuanLyChoThuePhongTroWeb.Domain.UnitTests\QuanLyChoThuePhongTroWeb.Domain.UnitTests.csproj", "{62D27FDD-CF01-42D5-87C1-52E682791B78}"
EndProject
Project("{FAE04EC0-301F-11D3-BF4B-00C04F79EFBC}") = "QuanLyChoThuePhongTroWeb.Application.UnitTests", "tests\QuanLyChoThuePhongTroWeb.Application.UnitTests\QuanLyChoThuePhongTroWeb.Application.UnitTests.csproj", "{3D14D833-614E-46EE-9BC2-904B97E8463B}"
EndProject
Project("{FAE04EC0-301F-11D3-BF4B-00C04F79EFBC}") = "QuanLyChoThuePhongTroWeb.Infrastructure.IntegrationTests", "tests\QuanLyChoThuePhongTroWeb.Infrastructure.IntegrationTests\QuanLyChoThuePhongTroWeb.Infrastructure.IntegrationTests.csproj", "{D63E36B8-9F42-4E4C-881A-8074BAEF762A}"
EndProject
Project("{FAE04EC0-301F-11D3-BF4B-00C04F79EFBC}") = "QuanLyChoThuePhongTroWeb.Web.IntegrationTests", "tests\QuanLyChoThuePhongTroWeb.Web.IntegrationTests\QuanLyChoThuePhongTroWeb.Web.IntegrationTests.csproj", "{3E6F8531-46B4-4DB7-9472-6FCA6F4DD3E9}"
EndProject
Global
	GlobalSection(SolutionConfigurationPlatforms) = preSolution
		Debug|Any CPU = Debug|Any CPU
		Debug|x64 = Debug|x64
		Debug|x86 = Debug|x86
		Release|Any CPU = Release|Any CPU
		Release|x64 = Release|x64
		Release|x86 = Release|x86
	EndGlobalSection
	GlobalSection(ProjectConfigurationPlatforms) = postSolution
		{C6AB661F-1E6C-4FB9-A641-EA3B2DDEC2BF}.Debug|Any CPU.ActiveCfg = Debug|Any CPU
		{C6AB661F-1E6C-4FB9-A641-EA3B2DDEC2BF}.Debug|Any CPU.Build.0 = Debug|Any CPU
		{C6AB661F-1E6C-4FB9-A641-EA3B2DDEC2BF}.Debug|x64.ActiveCfg = Debug|Any CPU
		{C6AB661F-1E6C-4FB9-A641-EA3B2DDEC2BF}.Debug|x64.Build.0 = Debug|Any CPU
		{C6AB661F-1E6C-4FB9-A641-EA3B2DDEC2BF}.Debug|x86.ActiveCfg = Debug|Any CPU
		{C6AB661F-1E6C-4FB9-A641-EA3B2DDEC2BF}.Debug|x86.Build.0 = Debug|Any CPU
		{C6AB661F-1E6C-4FB9-A641-EA3B2DDEC2BF}.Release|Any CPU.ActiveCfg = Release|Any CPU
		{C6AB661F-1E6C-4FB9-A641-EA3B2DDEC2BF}.Release|Any CPU.Build.0 = Release|Any CPU
		{C6AB661F-1E6C-4FB9-A641-EA3B2DDEC2BF}.Release|x64.ActiveCfg = Release|Any CPU
		{C6AB661F-1E6C-4FB9-A641-EA3B2DDEC2BF}.Release|x64.Build.0 = Release|Any CPU
		{C6AB661F-1E6C-4FB9-A641-EA3B2DDEC2BF}.Release|x86.ActiveCfg = Release|Any CPU
		{C6AB661F-1E6C-4FB9-A641-EA3B2DDEC2BF}.Release|x86.Build.0 = Release|Any CPU
		{3E871070-726B-4780-BDAD-27330B75CD2B}.Debug|Any CPU.ActiveCfg = Debug|Any CPU
		{3E871070-726B-4780-BDAD-27330B75CD2B}.Debug|Any CPU.Build.0 = Debug|Any CPU
		{3E871070-726B-4780-BDAD-27330B75CD2B}.Debug|x64.ActiveCfg = Debug|Any CPU
		{3E871070-726B-4780-BDAD-27330B75CD2B}.Debug|x64.Build.0 = Debug|Any CPU
		{3E871070-726B-4780-BDAD-27330B75CD2B}.Debug|x86.ActiveCfg = Debug|Any CPU
		{3E871070-726B-4780-BDAD-27330B75CD2B}.Debug|x86.Build.0 = Debug|Any CPU
		{3E871070-726B-4780-BDAD-27330B75CD2B}.Release|Any CPU.ActiveCfg = Release|Any CPU
		{3E871070-726B-4780-BDAD-27330B75CD2B}.Release|Any CPU.Build.0 = Release|Any CPU
		{3E871070-726B-4780-BDAD-27330B75CD2B}.Release|x64.ActiveCfg = Release|Any CPU
		{3E871070-726B-4780-BDAD-27330B75CD2B}.Release|x64.Build.0 = Release|Any CPU
		{3E871070-726B-4780-BDAD-27330B75CD2B}.Release|x86.ActiveCfg = Release|Any CPU
		{3E871070-726B-4780-BDAD-27330B75CD2B}.Release|x86.Build.0 = Release|Any CPU
		{46EB67EE-9C5F-43FB-906D-1C5427E45E1A}.Debug|Any CPU.ActiveCfg = Debug|Any CPU
		{46EB67EE-9C5F-43FB-906D-1C5427E45E1A}.Debug|Any CPU.Build.0 = Debug|Any CPU
		{46EB67EE-9C5F-43FB-906D-1C5427E45E1A}.Debug|x64.ActiveCfg = Debug|Any CPU
		{46EB67EE-9C5F-43FB-906D-1C5427E45E1A}.Debug|x64.Build.0 = Debug|Any CPU
		{46EB67EE-9C5F-43FB-906D-1C5427E45E1A}.Debug|x86.ActiveCfg = Debug|Any CPU
		{46EB67EE-9C5F-43FB-906D-1C5427E45E1A}.Debug|x86.Build.0 = Debug|Any CPU
		{46EB67EE-9C5F-43FB-906D-1C5427E45E1A}.Release|Any CPU.ActiveCfg = Release|Any CPU
		{46EB67EE-9C5F-43FB-906D-1C5427E45E1A}.Release|Any CPU.Build.0 = Release|Any CPU
		{46EB67EE-9C5F-43FB-906D-1C5427E45E1A}.Release|x64.ActiveCfg = Release|Any CPU
		{46EB67EE-9C5F-43FB-906D-1C5427E45E1A}.Release|x64.Build.0 = Release|Any CPU
		{46EB67EE-9C5F-43FB-906D-1C5427E45E1A}.Release|x86.ActiveCfg = Release|Any CPU
		{46EB67EE-9C5F-43FB-906D-1C5427E45E1A}.Release|x86.Build.0 = Release|Any CPU
		{BF05468D-CBCE-4AD6-8EC8-93294E7C7124}.Debug|Any CPU.ActiveCfg = Debug|Any CPU
		{BF05468D-CBCE-4AD6-8EC8-93294E7C7124}.Debug|Any CPU.Build.0 = Debug|Any CPU
		{BF05468D-CBCE-4AD6-8EC8-93294E7C7124}.Debug|x64.ActiveCfg = Debug|Any CPU
		{BF05468D-CBCE-4AD6-8EC8-93294E7C7124}.Debug|x64.Build.0 = Debug|Any CPU
		{BF05468D-CBCE-4AD6-8EC8-93294E7C7124}.Debug|x86.ActiveCfg = Debug|Any CPU
		{BF05468D-CBCE-4AD6-8EC8-93294E7C7124}.Debug|x86.Build.0 = Debug|Any CPU
		{BF05468D-CBCE-4AD6-8EC8-93294E7C7124}.Release|Any CPU.ActiveCfg = Release|Any CPU
		{BF05468D-CBCE-4AD6-8EC8-93294E7C7124}.Release|Any CPU.Build.0 = Release|Any CPU
		{BF05468D-CBCE-4AD6-8EC8-93294E7C7124}.Release|x64.ActiveCfg = Release|Any CPU
		{BF05468D-CBCE-4AD6-8EC8-93294E7C7124}.Release|x64.Build.0 = Release|Any CPU
		{BF05468D-CBCE-4AD6-8EC8-93294E7C7124}.Release|x86.ActiveCfg = Release|Any CPU
		{BF05468D-CBCE-4AD6-8EC8-93294E7C7124}.Release|x86.Build.0 = Release|Any CPU
		{62D27FDD-CF01-42D5-87C1-52E682791B78}.Debug|Any CPU.ActiveCfg = Debug|Any CPU
		{62D27FDD-CF01-42D5-87C1-52E682791B78}.Debug|Any CPU.Build.0 = Debug|Any CPU
		{62D27FDD-CF01-42D5-87C1-52E682791B78}.Debug|x64.ActiveCfg = Debug|Any CPU
		{62D27FDD-CF01-42D5-87C1-52E682791B78}.Debug|x64.Build.0 = Debug|Any CPU
		{62D27FDD-CF01-42D5-87C1-52E682791B78}.Debug|x86.ActiveCfg = Debug|Any CPU
		{62D27FDD-CF01-42D5-87C1-52E682791B78}.Debug|x86.Build.0 = Debug|Any CPU
		{62D27FDD-CF01-42D5-87C1-52E682791B78}.Release|Any CPU.ActiveCfg = Release|Any CPU
		{62D27FDD-CF01-42D5-87C1-52E682791B78}.Release|Any CPU.Build.0 = Release|Any CPU
		{62D27FDD-CF01-42D5-87C1-52E682791B78}.Release|x64.ActiveCfg = Release|Any CPU
		{62D27FDD-CF01-42D5-87C1-52E682791B78}.Release|x64.Build.0 = Release|Any CPU
		{62D27FDD-CF01-42D5-87C1-52E682791B78}.Release|x86.ActiveCfg = Release|Any CPU
		{62D27FDD-CF01-42D5-87C1-52E682791B78}.Release|x86.Build.0 = Release|Any CPU
		{3D14D833-614E-46EE-9BC2-904B97E8463B}.Debug|Any CPU.ActiveCfg = Debug|Any CPU
		{3D14D833-614E-46EE-9BC2-904B97E8463B}.Debug|Any CPU.Build.0 = Debug|Any CPU
		{3D14D833-614E-46EE-9BC2-904B97E8463B}.Debug|x64.ActiveCfg = Debug|Any CPU
		{3D14D833-614E-46EE-9BC2-904B97E8463B}.Debug|x64.Build.0 = Debug|Any CPU
		{3D14D833-614E-46EE-9BC2-904B97E8463B}.Debug|x86.ActiveCfg = Debug|Any CPU
		{3D14D833-614E-46EE-9BC2-904B97E8463B}.Debug|x86.Build.0 = Debug|Any CPU
		{3D14D833-614E-46EE-9BC2-904B97E8463B}.Release|Any CPU.ActiveCfg = Release|Any CPU
		{3D14D833-614E-46EE-9BC2-904B97E8463B}.Release|Any CPU.Build.0 = Release|Any CPU
		{3D14D833-614E-46EE-9BC2-904B97E8463B}.Release|x64.ActiveCfg = Release|Any CPU
		{3D14D833-614E-46EE-9BC2-904B97E8463B}.Release|x64.Build.0 = Release|Any CPU
		{3D14D833-614E-46EE-9BC2-904B97E8463B}.Release|x86.ActiveCfg = Release|Any CPU
		{3D14D833-614E-46EE-9BC2-904B97E8463B}.Release|x86.Build.0 = Release|Any CPU
		{D63E36B8-9F42-4E4C-881A-8074BAEF762A}.Debug|Any CPU.ActiveCfg = Debug|Any CPU
		{D63E36B8-9F42-4E4C-881A-8074BAEF762A}.Debug|Any CPU.Build.0 = Debug|Any CPU
		{D63E36B8-9F42-4E4C-881A-8074BAEF762A}.Debug|x64.ActiveCfg = Debug|Any CPU
		{D63E36B8-9F42-4E4C-881A-8074BAEF762A}.Debug|x64.Build.0 = Debug|Any CPU
		{D63E36B8-9F42-4E4C-881A-8074BAEF762A}.Debug|x86.ActiveCfg = Debug|Any CPU
		{D63E36B8-9F42-4E4C-881A-8074BAEF762A}.Debug|x86.Build.0 = Debug|Any CPU
		{D63E36B8-9F42-4E4C-881A-8074BAEF762A}.Release|Any CPU.ActiveCfg = Release|Any CPU
		{D63E36B8-9F42-4E4C-881A-8074BAEF762A}.Release|Any CPU.Build.0 = Release|Any CPU
		{D63E36B8-9F42-4E4C-881A-8074BAEF762A}.Release|x64.ActiveCfg = Release|Any CPU
		{D63E36B8-9F42-4E4C-881A-8074BAEF762A}.Release|x64.Build.0 = Release|Any CPU
		{D63E36B8-9F42-4E4C-881A-8074BAEF762A}.Release|x86.ActiveCfg = Release|Any CPU
		{D63E36B8-9F42-4E4C-881A-8074BAEF762A}.Release|x86.Build.0 = Release|Any CPU
		{3E6F8531-46B4-4DB7-9472-6FCA6F4DD3E9}.Debug|Any CPU.ActiveCfg = Debug|Any CPU
		{3E6F8531-46B4-4DB7-9472-6FCA6F4DD3E9}.Debug|Any CPU.Build.0 = Debug|Any CPU
		{3E6F8531-46B4-4DB7-9472-6FCA6F4DD3E9}.Debug|x64.ActiveCfg = Debug|Any CPU
		{3E6F8531-46B4-4DB7-9472-6FCA6F4DD3E9}.Debug|x64.Build.0 = Debug|Any CPU
		{3E6F8531-46B4-4DB7-9472-6FCA6F4DD3E9}.Debug|x86.ActiveCfg = Debug|Any CPU
		{3E6F8531-46B4-4DB7-9472-6FCA6F4DD3E9}.Debug|x86.Build.0 = Debug|Any CPU
		{3E6F8531-46B4-4DB7-9472-6FCA6F4DD3E9}.Release|Any CPU.ActiveCfg = Release|Any CPU
		{3E6F8531-46B4-4DB7-9472-6FCA6F4DD3E9}.Release|Any CPU.Build.0 = Release|Any CPU
		{3E6F8531-46B4-4DB7-9472-6FCA6F4DD3E9}.Release|x64.ActiveCfg = Release|Any CPU
		{3E6F8531-46B4-4DB7-9472-6FCA6F4DD3E9}.Release|x64.Build.0 = Release|Any CPU
		{3E6F8531-46B4-4DB7-9472-6FCA6F4DD3E9}.Release|x86.ActiveCfg = Release|Any CPU
		{3E6F8531-46B4-4DB7-9472-6FCA6F4DD3E9}.Release|x86.Build.0 = Release|Any CPU
	EndGlobalSection
	GlobalSection(SolutionProperties) = preSolution
		HideSolutionNode = FALSE
	EndGlobalSection
	GlobalSection(NestedProjects) = preSolution
		{3E871070-726B-4780-BDAD-27330B75CD2B} = {827E0CD3-B72D-47B6-A68D-7590B98EB39B}
		{46EB67EE-9C5F-43FB-906D-1C5427E45E1A} = {827E0CD3-B72D-47B6-A68D-7590B98EB39B}
		{BF05468D-CBCE-4AD6-8EC8-93294E7C7124} = {827E0CD3-B72D-47B6-A68D-7590B98EB39B}
		{62D27FDD-CF01-42D5-87C1-52E682791B78} = {0AB3BF05-4346-4AA6-1389-037BE0695223}
		{3D14D833-614E-46EE-9BC2-904B97E8463B} = {0AB3BF05-4346-4AA6-1389-037BE0695223}
		{D63E36B8-9F42-4E4C-881A-8074BAEF762A} = {0AB3BF05-4346-4AA6-1389-037BE0695223}
		{3E6F8531-46B4-4DB7-9472-6FCA6F4DD3E9} = {0AB3BF05-4346-4AA6-1389-037BE0695223}
	EndGlobalSection
	GlobalSection(ExtensibilityGlobals) = postSolution
		SolutionGuid = {77B64AC3-80FB-430D-AFBE-DAE4AF2854CB}
	EndGlobalSection
EndGlobal
